
Microsoft Visual Studio Solution File, Format Version 12.00
# Visual Studio Version 17
VisualStudioVersion = 17.6.33723.286
MinimumVisualStudioVersion = 10.0.40219.1
Project("{9A19103F-16F7-4668-BE54-9A1E7A4F7556}") = "SecretsSharingAPI", "SecretsSharingAPI\SecretsSharingAPI.csproj", "{57C6707C-8BA4-49A0-BA63-BBA77667518A}"
EndProject
Project("{FAE04EC0-301F-11D3-BF4B-00C04F79EFBC}") = "SecretsSharingAPITests", "SecretsSharingAPITests\SecretsSharingAPITests.csproj", "{371855E7-A20A-4D40-A6C7-5B5F6110DAE2}"
EndProject
Global
	GlobalSection(SolutionConfigurationPlatforms) = preSolution
		Debug|Any CPU = Debug|Any CPU
		Release|Any CPU = Release|Any CPU
	EndGlobalSection
	GlobalSection(ProjectConfigurationPlatforms) = postSolution
		{57C6707C-8BA4-49A0-BA63-BBA77667518A}.Debug|Any CPU.ActiveCfg = Debug|Any CPU
		{57C6707C-8BA4-49A0-BA63-BBA77667518A}.Debug|Any CPU.Build.0 = Debug|Any CPU
		{57C6707C-8BA4-49A0-BA63-BBA77667518A}.Release|Any CPU.ActiveCfg = Release|Any CPU
		{57C6707C-8BA4-49A0-BA63-BBA77667518A}.Release|Any CPU.Build.0 = Release|Any CPU
		{371855E7-A20A-4D40-A6C7-5B5F6110DAE2}.Debug|Any CPU.ActiveCfg = Debug|Any CPU
		{371855E7-A20A-4D40-A6C7-5B5F6110DAE2}.Debug|Any CPU.Build.0 = Debug|Any CPU
		{371855E7-A20A-4D40-A6C7-5B5F6110DAE2}.Release|Any CPU.ActiveCfg = Release|Any CPU
		{371855E7-A20A-4D40-A6C7-5B5F6110DAE2}.Release|Any CPU.Build.0 = Release|Any CPU
	EndGlobalSection
	GlobalSection(SolutionProperties) = preSolution
		HideSolutionNode = FALSE
	EndGlobalSection
	GlobalSection(ExtensibilityGlobals) = postSolution
		SolutionGuid = {8DD94008-5DA0-4050-9657-18DB698E9B65}
	EndGlobalSection
EndGlobal
